
Microsoft Visual Studio Solution File, Format Version 12.00
# Visual Studio 15
Project("{FAE04EC0-301F-11D3-BF4B-00C04F79EFBC}") = "Assembly-CSharp", "Assembly-CSharp.csproj", "{0E38F704-4819-FF8E-9D18-EE2756B10060}"
EndProject
Project("{FAE04EC0-301F-11D3-BF4B-00C04F79EFBC}") = "Assembly-CSharp-Editor", "Assembly-CSharp-Editor.csproj", "{383F489E-5FB3-D8A7-1D0F-5446A2BDD693}"
EndProject
Global
	GlobalSection(SolutionConfigurationPlatforms) = preSolution
		Debug|Any CPU = Debug|Any CPU
		Release|Any CPU = Release|Any CPU
	EndGlobalSection
	GlobalSection(ProjectConfigurationPlatforms) = postSolution
		{0E38F704-4819-FF8E-9D18-EE2756B10060}.Debug|Any CPU.ActiveCfg = Debug|Any CPU
		{0E38F704-4819-FF8E-9D18-EE2756B10060}.Debug|Any CPU.Build.0 = Debug|Any CPU
		{0E38F704-4819-FF8E-9D18-EE2756B10060}.Release|Any CPU.ActiveCfg = Release|Any CPU
		{0E38F704-4819-FF8E-9D18-EE2756B10060}.Release|Any CPU.Build.0 = Release|Any CPU
		{383F489E-5FB3-D8A7-1D0F-5446A2BDD693}.Debug|Any CPU.ActiveCfg = Debug|Any CPU
		{383F489E-5FB3-D8A7-1D0F-5446A2BDD693}.Debug|Any CPU.Build.0 = Debug|Any CPU
		{383F489E-5FB3-D8A7-1D0F-5446A2BDD693}.Release|Any CPU.ActiveCfg = Release|Any CPU
		{383F489E-5FB3-D8A7-1D0F-5446A2BDD693}.Release|Any CPU.Build.0 = Release|Any CPU
	EndGlobalSection
	GlobalSection(SolutionProperties) = preSolution
		HideSolutionNode = FALSE
	EndGlobalSection
EndGlobal
